
Microsoft Visual Studio Solution File, Format Version 12.00
# Visual Studio Version 17
VisualStudioVersion = 17.14.36518.9
MinimumVisualStudioVersion = 10.0.40219.1
Project("{FAE04EC0-301F-11D3-BF4B-00C04F79EFBC}") = "Airport.App", "Airport.App\Airport.App.csproj", "{95A89FA9-CFBF-4C27-BA09-3E739EB5D1B3}"
EndProject
Project("{FAE04EC0-301F-11D3-BF4B-00C04F79EFBC}") = "Entities", "Entities\Entities.csproj", "{F2137AE3-D3E1-4826-89D3-4C8B1727B694}"
EndProject
Project("{FAE04EC0-301F-11D3-BF4B-00C04F79EFBC}") = "Services.Contracts", "Services.Contracts\Services.Contracts.csproj", "{C808A8FA-2EBD-40D1-93FA-EF515F707701}"
EndProject
Project("{FAE04EC0-301F-11D3-BF4B-00C04F79EFBC}") = "Services", "Services\Services.csproj", "{F1683B27-BD31-22A8-D272-7E46B39E26F0}"
EndProject
Project("{FAE04EC0-301F-11D3-BF4B-00C04F79EFBC}") = "Repository.Contracts", "Repository.Contracts\Repository.Contracts.csproj", "{97248F75-10B4-4405-9867-E21ED3976DF2}"
EndProject
Project("{FAE04EC0-301F-11D3-BF4B-00C04F79EFBC}") = "Repository", "Repository\Repository.csproj", "{E836D64E-34BB-48EF-B2A8-D9ED0FB2FB61}"
EndProject
Project("{2150E333-8FDC-42A3-9474-1A3956D46DE8}") = "BLL", "BLL", "{02EA681E-C7D8-13C7-8484-4AC65E1B71E8}"
EndProject
Project("{2150E333-8FDC-42A3-9474-1A3956D46DE8}") = "DAL", "DAL", "{1D04A983-C994-4567-B04F-D237228E6D7B}"
EndProject
Project("{FAE04EC0-301F-11D3-BF4B-00C04F79EFBC}") = "Services.Tests", "Tests\Services.Tests.csproj", "{2EE8D68A-7411-4CAB-A3DE-8056B785355D}"
EndProject
Project("{FAE04EC0-301F-11D3-BF4B-00C04F79EFBC}") = "Context", "Context\Context.csproj", "{F3202167-D9BF-4A74-A161-AB14F184047A}"
EndProject
Global
	GlobalSection(SolutionConfigurationPlatforms) = preSolution
		Debug|Any CPU = Debug|Any CPU
		Release|Any CPU = Release|Any CPU
	EndGlobalSection
	GlobalSection(ProjectConfigurationPlatforms) = postSolution
		{95A89FA9-CFBF-4C27-BA09-3E739EB5D1B3}.Debug|Any CPU.ActiveCfg = Debug|Any CPU
		{95A89FA9-CFBF-4C27-BA09-3E739EB5D1B3}.Debug|Any CPU.Build.0 = Debug|Any CPU
		{95A89FA9-CFBF-4C27-BA09-3E739EB5D1B3}.Release|Any CPU.ActiveCfg = Release|Any CPU
		{95A89FA9-CFBF-4C27-BA09-3E739EB5D1B3}.Release|Any CPU.Build.0 = Release|Any CPU
		{F2137AE3-D3E1-4826-89D3-4C8B1727B694}.Debug|Any CPU.ActiveCfg = Debug|Any CPU
		{F2137AE3-D3E1-4826-89D3-4C8B1727B694}.Debug|Any CPU.Build.0 = Debug|Any CPU
		{F2137AE3-D3E1-4826-89D3-4C8B1727B694}.Release|Any CPU.ActiveCfg = Release|Any CPU
		{F2137AE3-D3E1-4826-89D3-4C8B1727B694}.Release|Any CPU.Build.0 = Release|Any CPU
		{C808A8FA-2EBD-40D1-93FA-EF515F707701}.Debug|Any CPU.ActiveCfg = Debug|Any CPU
		{C808A8FA-2EBD-40D1-93FA-EF515F707701}.Debug|Any CPU.Build.0 = Debug|Any CPU
		{C808A8FA-2EBD-40D1-93FA-EF515F707701}.Release|Any CPU.ActiveCfg = Release|Any CPU
		{C808A8FA-2EBD-40D1-93FA-EF515F707701}.Release|Any CPU.Build.0 = Release|Any CPU
		{F1683B27-BD31-22A8-D272-7E46B39E26F0}.Debug|Any CPU.ActiveCfg = Debug|Any CPU
		{F1683B27-BD31-22A8-D272-7E46B39E26F0}.Debug|Any CPU.Build.0 = Debug|Any CPU
		{F1683B27-BD31-22A8-D272-7E46B39E26F0}.Release|Any CPU.ActiveCfg = Release|Any CPU
		{F1683B27-BD31-22A8-D272-7E46B39E26F0}.Release|Any CPU.Build.0 = Release|Any CPU
		{97248F75-10B4-4405-9867-E21ED3976DF2}.Debug|Any CPU.ActiveCfg = Debug|Any CPU
		{97248F75-10B4-4405-9867-E21ED3976DF2}.Debug|Any CPU.Build.0 = Debug|Any CPU
		{97248F75-10B4-4405-9867-E21ED3976DF2}.Release|Any CPU.ActiveCfg = Release|Any CPU
		{97248F75-10B4-4405-9867-E21ED3976DF2}.Release|Any CPU.Build.0 = Release|Any CPU
		{E836D64E-34BB-48EF-B2A8-D9ED0FB2FB61}.Debug|Any CPU.ActiveCfg = Debug|Any CPU
		{E836D64E-34BB-48EF-B2A8-D9ED0FB2FB61}.Debug|Any CPU.Build.0 = Debug|Any CPU
		{E836D64E-34BB-48EF-B2A8-D9ED0FB2FB61}.Release|Any CPU.ActiveCfg = Release|Any CPU
		{E836D64E-34BB-48EF-B2A8-D9ED0FB2FB61}.Release|Any CPU.Build.0 = Release|Any CPU
		{2EE8D68A-7411-4CAB-A3DE-8056B785355D}.Debug|Any CPU.ActiveCfg = Debug|Any CPU
		{2EE8D68A-7411-4CAB-A3DE-8056B785355D}.Debug|Any CPU.Build.0 = Debug|Any CPU
		{2EE8D68A-7411-4CAB-A3DE-8056B785355D}.Release|Any CPU.ActiveCfg = Release|Any CPU
		{2EE8D68A-7411-4CAB-A3DE-8056B785355D}.Release|Any CPU.Build.0 = Release|Any CPU
		{F3202167-D9BF-4A74-A161-AB14F184047A}.Debug|Any CPU.ActiveCfg = Debug|Any CPU
		{F3202167-D9BF-4A74-A161-AB14F184047A}.Debug|Any CPU.Build.0 = Debug|Any CPU
		{F3202167-D9BF-4A74-A161-AB14F184047A}.Release|Any CPU.ActiveCfg = Release|Any CPU
		{F3202167-D9BF-4A74-A161-AB14F184047A}.Release|Any CPU.Build.0 = Release|Any CPU
	EndGlobalSection
	GlobalSection(SolutionProperties) = preSolution
		HideSolutionNode = FALSE
	EndGlobalSection
	GlobalSection(NestedProjects) = preSolution
		{F2137AE3-D3E1-4826-89D3-4C8B1727B694} = {1D04A983-C994-4567-B04F-D237228E6D7B}
		{C808A8FA-2EBD-40D1-93FA-EF515F707701} = {02EA681E-C7D8-13C7-8484-4AC65E1B71E8}
		{F1683B27-BD31-22A8-D272-7E46B39E26F0} = {02EA681E-C7D8-13C7-8484-4AC65E1B71E8}
		{97248F75-10B4-4405-9867-E21ED3976DF2} = {1D04A983-C994-4567-B04F-D237228E6D7B}
		{E836D64E-34BB-48EF-B2A8-D9ED0FB2FB61} = {1D04A983-C994-4567-B04F-D237228E6D7B}
		{2EE8D68A-7411-4CAB-A3DE-8056B785355D} = {02EA681E-C7D8-13C7-8484-4AC65E1B71E8}
		{F3202167-D9BF-4A74-A161-AB14F184047A} = {1D04A983-C994-4567-B04F-D237228E6D7B}
	EndGlobalSection
	GlobalSection(ExtensibilityGlobals) = postSolution
		SolutionGuid = {D53FD792-11C0-4F96-9239-4CE4FC3DCCFD}
	EndGlobalSection
EndGlobal
